// !$*UTF8*$!
{
	archiveVersion = 1;
	classes = {
	};
	objectVersion = 46;
	objects = {

/* Begin PBXBuildFile section */
		6744141C1CBEF8C7008E445A /* AppDelegate.swift in Sources */ = {isa = PBXBuildFile; fileRef = 6744141B1CBEF8C7008E445A /* AppDelegate.swift */; };
		6744141E1CBEF8C7008E445A /* ViewController.swift in Sources */ = {isa = PBXBuildFile; fileRef = 6744141D1CBEF8C7008E445A /* ViewController.swift */; };
		674414211CBEF8C8008E445A /* Main.storyboard in Resources */ = {isa = PBXBuildFile; fileRef = 6744141F1CBEF8C8008E445A /* Main.storyboard */; };
		674414231CBEF8C9008E445A /* Assets.xcassets in Resources */ = {isa = PBXBuildFile; fileRef = 674414221CBEF8C9008E445A /* Assets.xcassets */; };
		674414261CBEF8C9008E445A /* LaunchScreen.storyboard in Resources */ = {isa = PBXBuildFile; fileRef = 674414241CBEF8C9008E445A /* LaunchScreen.storyboard */; };
		6764CD5C1CC967A000918D43 /* Book.swift in Sources */ = {isa = PBXBuildFile; fileRef = 6764CD5B1CC967A000918D43 /* Book.swift */; };
		6764CD5E1CC96B0500918D43 /* BooksViewController.swift in Sources */ = {isa = PBXBuildFile; fileRef = 6764CD5D1CC96B0500918D43 /* BooksViewController.swift */; };
		6764CD601CC96D4600918D43 /* BookCell.swift in Sources */ = {isa = PBXBuildFile; fileRef = 6764CD5F1CC96D4600918D43 /* BookCell.swift */; };
		6764CD621CC9A09100918D43 /* BookDetailsViewController.swift in Sources */ = {isa = PBXBuildFile; fileRef = 6764CD611CC9A09100918D43 /* BookDetailsViewController.swift */; };
		6764CD641CCACA9E00918D43 /* AuthorPickerViewController.swift in Sources */ = {isa = PBXBuildFile; fileRef = 6764CD631CCACA9D00918D43 /* AuthorPickerViewController.swift */; };
		677360BE1CC43C2600EDFB97 /* SampleData.swift in Sources */ = {isa = PBXBuildFile; fileRef = 677360BD1CC43C2600EDFB97 /* SampleData.swift */; };
/* End PBXBuildFile section */

/* Begin PBXFileReference section */
		674414181CBEF8C7008E445A /* Introduction-to-Storyboards.app */ = {isa = PBXFileReference; explicitFileType = wrapper.application; includeInIndex = 0; path = "Introduction-to-Storyboards.app"; sourceTree = BUILT_PRODUCTS_DIR; };
		6744141B1CBEF8C7008E445A /* AppDelegate.swift */ = {isa = PBXFileReference; lastKnownFileType = sourcecode.swift; path = AppDelegate.swift; sourceTree = "<group>"; };
		6744141D1CBEF8C7008E445A /* ViewController.swift */ = {isa = PBXFileReference; lastKnownFileType = sourcecode.swift; path = ViewController.swift; sourceTree = "<group>"; };
		674414201CBEF8C8008E445A /* Base */ = {isa = PBXFileReference; lastKnownFileType = file.storyboard; name = Base; path = Base.lproj/Main.storyboard; sourceTree = "<group>"; };
		674414221CBEF8C9008E445A /* Assets.xcassets */ = {isa = PBXFileReference; lastKnownFileType = folder.assetcatalog; path = Assets.xcassets; sourceTree = "<group>"; };
		674414251CBEF8C9008E445A /* Base */ = {isa = PBXFileReference; lastKnownFileType = file.storyboard; name = Base; path = Base.lproj/LaunchScreen.storyboard; sourceTree = "<group>"; };
		674414271CBEF8C9008E445A /* Info.plist */ = {isa = PBXFileReference; lastKnownFileType = text.plist.xml; path = Info.plist; sourceTree = "<group>"; };
		6764CD5B1CC967A000918D43 /* Book.swift */ = {isa = PBXFileReference; fileEncoding = 4; lastKnownFileType = sourcecode.swift; path = Book.swift; sourceTree = "<group>"; };
		6764CD5D1CC96B0500918D43 /* BooksViewController.swift */ = {isa = PBXFileReference; fileEncoding = 4; lastKnownFileType = sourcecode.swift; path = BooksViewController.swift; sourceTree = "<group>"; };
		6764CD5F1CC96D4600918D43 /* BookCell.swift */ = {isa = PBXFileReference; fileEncoding = 4; lastKnownFileType = sourcecode.swift; path = BookCell.swift; sourceTree = "<group>"; };
		6764CD611CC9A09100918D43 /* BookDetailsViewController.swift */ = {isa = PBXFileReference; fileEncoding = 4; lastKnownFileType = sourcecode.swift; path = BookDetailsViewController.swift; sourceTree = "<group>"; };
		6764CD631CCACA9D00918D43 /* AuthorPickerViewController.swift */ = {isa = PBXFileReference; fileEncoding = 4; lastKnownFileType = sourcecode.swift; path = AuthorPickerViewController.swift; sourceTree = "<group>"; };
		677360BD1CC43C2600EDFB97 /* SampleData.swift */ = {isa = PBXFileReference; fileEncoding = 4; lastKnownFileType = sourcecode.swift; path = SampleData.swift; sourceTree = "<group>"; };
/* End PBXFileReference section */

/* Begin PBXFrameworksBuildPhase section */
		674414151CBEF8C7008E445A /* Frameworks */ = {
			isa = PBXFrameworksBuildPhase;
			buildActionMask = 2147483647;
			files = (
			);
			runOnlyForDeploymentPostprocessing = 0;
		};
/* End PBXFrameworksBuildPhase section */

/* Begin PBXGroup section */
		6744140F1CBEF8C6008E445A = {
			isa = PBXGroup;
			children = (
				6744141A1CBEF8C7008E445A /* Introduction-to-Storyboards */,
				674414191CBEF8C7008E445A /* Products */,
			);
			sourceTree = "<group>";
		};
		674414191CBEF8C7008E445A /* Products */ = {
			isa = PBXGroup;
			children = (
				674414181CBEF8C7008E445A /* Introduction-to-Storyboards.app */,
			);
			name = Products;
			sourceTree = "<group>";
		};
		6744141A1CBEF8C7008E445A /* Introduction-to-Storyboards */ = {
			isa = PBXGroup;
			children = (
				6744141B1CBEF8C7008E445A /* AppDelegate.swift */,
				6744141D1CBEF8C7008E445A /* ViewController.swift */,
				6744141F1CBEF8C8008E445A /* Main.storyboard */,
				6764CD631CCACA9D00918D43 /* AuthorPickerViewController.swift */,
				677360BD1CC43C2600EDFB97 /* SampleData.swift */,
				6764CD5B1CC967A000918D43 /* Book.swift */,
				6764CD5F1CC96D4600918D43 /* BookCell.swift */,
				6764CD611CC9A09100918D43 /* BookDetailsViewController.swift */,
				6764CD5D1CC96B0500918D43 /* BooksViewController.swift */,
				674414221CBEF8C9008E445A /* Assets.xcassets */,
				674414241CBEF8C9008E445A /* LaunchScreen.storyboard */,
				674414271CBEF8C9008E445A /* Info.plist */,
			);
			path = "Introduction-to-Storyboards";
			sourceTree = "<group>";
		};
/* End PBXGroup section */

/* Begin PBXNativeTarget section */
		674414171CBEF8C7008E445A /* Introduction-to-Storyboards */ = {
			isa = PBXNativeTarget;
			buildConfigurationList = 674414401CBEF8CA008E445A /* Build configuration list for PBXNativeTarget "Introduction-to-Storyboards" */;
			buildPhases = (
				674414141CBEF8C7008E445A /* Sources */,
				674414151CBEF8C7008E445A /* Frameworks */,
				674414161CBEF8C7008E445A /* Resources */,
			);
			buildRules = (
			);
			dependencies = (
			);
			name = "Introduction-to-Storyboards";
			productName = "Introduction-to-Storyboards";
			productReference = 674414181CBEF8C7008E445A /* Introduction-to-Storyboards.app */;
			productType = "com.apple.product-type.application";
		};
/* End PBXNativeTarget section */

/* Begin PBXProject section */
		674414101CBEF8C6008E445A /* Project object */ = {
			isa = PBXProject;
			attributes = {
				LastSwiftUpdateCheck = 0730;
				LastUpgradeCheck = 0730;
				ORGANIZATIONNAME = "Chi Hon Law";
				TargetAttributes = {
					674414171CBEF8C7008E445A = {
						CreatedOnToolsVersion = 7.3;
					};
				};
			};
			buildConfigurationList = 674414131CBEF8C6008E445A /* Build configuration list for PBXProject "Introduction-to-Storyboards" */;
			compatibilityVersion = "Xcode 3.2";
			developmentRegion = English;
			hasScannedForEncodings = 0;
			knownRegions = (
				en,
				Base,
			);
			mainGroup = 6744140F1CBEF8C6008E445A;
			productRefGroup = 674414191CBEF8C7008E445A /* Products */;
			projectDirPath = "";
			projectRoot = "";
			targets = (
				674414171CBEF8C7008E445A /* Introduction-to-Storyboards */,
			);
		};
/* End PBXProject section */

/* Begin PBXResourcesBuildPhase section */
		674414161CBEF8C7008E445A /* Resources */ = {
			isa = PBXResourcesBuildPhase;
			buildActionMask = 2147483647;
			files = (
				674414261CBEF8C9008E445A /* LaunchScreen.storyboard in Resources */,
				674414231CBEF8C9008E445A /* Assets.xcassets in Resources */,
				674414211CBEF8C8008E445A /* Main.storyboard in Resources */,
			);
			runOnlyForDeploymentPostprocessing = 0;
		};
/* End PBXResourcesBuildPhase section */

/* Begin PBXSourcesBuildPhase section */
		674414141CBEF8C7008E445A /* Sources */ = {
			isa = PBXSourcesBuildPhase;
			buildActionMask = 2147483647;
			files = (
				6764CD601CC96D4600918D43 /* BookCell.swift in Sources */,
				6764CD5C1CC967A000918D43 /* Book.swift in Sources */,
				6764CD5E1CC96B0500918D43 /* BooksViewController.swift in Sources */,
				6744141E1CBEF8C7008E445A /* ViewController.swift in Sources */,
				6764CD621CC9A09100918D43 /* BookDetailsViewController.swift in Sources */,
				6744141C1CBEF8C7008E445A /* AppDelegate.swift in Sources */,
				6764CD641CCACA9E00918D43 /* AuthorPickerViewController.swift in Sources */,
				677360BE1CC43C2600EDFB97 /* SampleData.swift in Sources */,
			);
			runOnlyForDeploymentPostprocessing = 0;
		};
/* End PBXSourcesBuildPhase section */

/* Begin PBXVariantGroup section */
		6744141F1CBEF8C8008E445A /* Main.storyboard */ = {
			isa = PBXVariantGroup;
			children = (
				674414201CBEF8C8008E445A /* Base */,
			);
			name = Main.storyboard;
			sourceTree = "<group>";
		};
		674414241CBEF8C9008E445A /* LaunchScreen.storyboard */ = {
			isa = PBXVariantGroup;
			children = (
				674414251CBEF8C9008E445A /* Base */,
			);
			name = LaunchScreen.storyboard;
			sourceTree = "<group>";
		};
/* End PBXVariantGroup section */

/* Begin XCBuildConfiguration section */
		6744143E1CBEF8CA008E445A /* Debug */ = {
			isa = XCBuildConfiguration;
			buildSettings = {
				ALWAYS_SEARCH_USER_PATHS = NO;
				CLANG_ANALYZER_NONNULL = YES;
				CLANG_CXX_LANGUAGE_STANDARD = "gnu++0x";
				CLANG_CXX_LIBRARY = "libc++";
				CLANG_ENABLE_MODULES = YES;
				CLANG_ENABLE_OBJC_ARC = YES;
				CLANG_WARN_BOOL_CONVERSION = YES;
				CLANG_WARN_CONSTANT_CONVERSION = YES;
				CLANG_WARN_DIRECT_OBJC_ISA_USAGE = YES_ERROR;
				CLANG_WARN_EMPTY_BODY = YES;
				CLANG_WARN_ENUM_CONVERSION = YES;
				CLANG_WARN_INT_CONVERSION = YES;
				CLANG_WARN_OBJC_ROOT_CLASS = YES_ERROR;
				CLANG_WARN_UNREACHABLE_CODE = YES;
				CLANG_WARN__DUPLICATE_METHOD_MATCH = YES;
				"CODE_SIGN_IDENTITY[sdk=iphoneos*]" = "iPhone Developer";
				COPY_PHASE_STRIP = NO;
				DEBUG_INFORMATION_FORMAT = dwarf;
				ENABLE_STRICT_OBJC_MSGSEND = YES;
				ENABLE_TESTABILITY = YES;
				GCC_C_LANGUAGE_STANDARD = gnu99;
				GCC_DYNAMIC_NO_PIC = NO;
				GCC_NO_COMMON_BLOCKS = YES;
				GCC_OPTIMIZATION_LEVEL = 0;
				GCC_PREPROCESSOR_DEFINITIONS = (
					"DEBUG=1",
					"$(inherited)",
				);
				GCC_WARN_64_TO_32_BIT_CONVERSION = YES;
				GCC_WARN_ABOUT_RETURN_TYPE = YES_ERROR;
				GCC_WARN_UNDECLARED_SELECTOR = YES;
				GCC_WARN_UNINITIALIZED_AUTOS = YES_AGGRESSIVE;
				GCC_WARN_UNUSED_FUNCTION = YES;
				GCC_WARN_UNUSED_VARIABLE = YES;
				IPHONEOS_DEPLOYMENT_TARGET = 9.3;
				MTL_ENABLE_DEBUG_INFO = YES;
				ONLY_ACTIVE_ARCH = YES;
				SDKROOT = iphoneos;
				SWIFT_OPTIMIZATION_LEVEL = "-Onone";
				TARGETED_DEVICE_FAMILY = "1,2";
			};
			name = Debug;
		};
		6744143F1CBEF8CA008E445A /* Release */ = {
			isa = XCBuildConfiguration;
			buildSettings = {
				ALWAYS_SEARCH_USER_PATHS = NO;
				CLANG_ANALYZER_NONNULL = YES;
				CLANG_CXX_LANGUAGE_STANDARD = "gnu++0x";
				CLANG_CXX_LIBRARY = "libc++";
				CLANG_ENABLE_MODULES = YES;
				CLANG_ENABLE_OBJC_ARC = YES;
				CLANG_WARN_BOOL_CONVERSION = YES;
				CLANG_WARN_CONSTANT_CONVERSION = YES;
				CLANG_WARN_DIRECT_OBJC_ISA_USAGE = YES_ERROR;
				CLANG_WARN_EMPTY_BODY = YES;
				CLANG_WARN_ENUM_CONVERSION = YES;
				CLANG_WARN_INT_CONVERSION = YES;
				CLANG_WARN_OBJC_ROOT_CLASS = YES_ERROR;
				CLANG_WARN_UNREACHABLE_CODE = YES;
				CLANG_WARN__DUPLICATE_METHOD_MATCH = YES;
				"CODE_SIGN_IDENTITY[sdk=iphoneos*]" = "iPhone Developer";
				COPY_PHASE_STRIP = NO;
				DEBUG_INFORMATION_FORMAT = "dwarf-with-dsym";
				ENABLE_NS_ASSERTIONS = NO;
				ENABLE_STRICT_OBJC_MSGSEND = YES;
				GCC_C_LANGUAGE_STANDARD = gnu99;
				GCC_NO_COMMON_BLOCKS = YES;
				GCC_WARN_64_TO_32_BIT_CONVERSION = YES;
				GCC_WARN_ABOUT_RETURN_TYPE = YES_ERROR;
				GCC_WARN_UNDECLARED_SELECTOR = YES;
				GCC_WARN_UNINITIALIZED_AUTOS = YES_AGGRESSIVE;
				GCC_WARN_UNUSED_FUNCTION = YES;
				GCC_WARN_UNUSED_VARIABLE = YES;
				IPHONEOS_DEPLOYMENT_TARGET = 9.3;
				MTL_ENABLE_DEBUG_INFO = NO;
				SDKROOT = iphoneos;
				TARGETED_DEVICE_FAMILY = "1,2";
				VALIDATE_PRODUCT = YES;
			};
			name = Release;
		};
		674414411CBEF8CA008E445A /* Debug */ = {
			isa = XCBuildConfiguration;
			buildSettings = {
				ASSETCATALOG_COMPILER_APPICON_NAME = AppIcon;
				INFOPLIST_FILE = "Introduction-to-Storyboards/Info.plist";
				LD_RUNPATH_SEARCH_PATHS = "$(inherited) @executable_path/Frameworks";
				PRODUCT_BUNDLE_IDENTIFIER = "lawchihon.Introduction-to-Storyboards";
				PRODUCT_NAME = "$(TARGET_NAME)";
			};
			name = Debug;
		};
		674414421CBEF8CA008E445A /* Release */ = {
			isa = XCBuildConfiguration;
			buildSettings = {
				ASSETCATALOG_COMPILER_APPICON_NAME = AppIcon;
				INFOPLIST_FILE = "Introduction-to-Storyboards/Info.plist";
				LD_RUNPATH_SEARCH_PATHS = "$(inherited) @executable_path/Frameworks";
				PRODUCT_BUNDLE_IDENTIFIER = "lawchihon.Introduction-to-Storyboards";
				PRODUCT_NAME = "$(TARGET_NAME)";
			};
			name = Release;
		};
/* End XCBuildConfiguration section */

/* Begin XCConfigurationList section */
		674414131CBEF8C6008E445A /* Build configuration list for PBXProject "Introduction-to-Storyboards" */ = {
			isa = XCConfigurationList;
			buildConfigurations = (
				6744143E1CBEF8CA008E445A /* Debug */,
				6744143F1CBEF8CA008E445A /* Release */,
			);
			defaultConfigurationIsVisible = 0;
			defaultConfigurationName = Release;
		};
		674414401CBEF8CA008E445A /* Build configuration list for PBXNativeTarget "Introduction-to-Storyboards" */ = {
			isa = XCConfigurationList;
			buildConfigurations = (
				674414411CBEF8CA008E445A /* Debug */,
				674414421CBEF8CA008E445A /* Release */,
			);
			defaultConfigurationIsVisible = 0;
			defaultConfigurationName = Release;
		};
/* End XCConfigurationList section */
	};
	rootObject = 674414101CBEF8C6008E445A /* Project object */;
}
